
Microsoft Visual Studio Solution File, Format Version 12.00
# Visual Studio Version 17
VisualStudioVersion = 17.8.34322.80
MinimumVisualStudioVersion = 10.0.40219.1
Project("{FAE04EC0-301F-11D3-BF4B-00C04F79EFBC}") = "ProwlynxNET", "ProwlynxNET\ProwlynxNET.csproj", "{6CA742E0-E67C-482E-ACDB-738DA0F083CA}"
EndProject
Project("{FAE04EC0-301F-11D3-BF4B-00C04F79EFBC}") = "ProwlynxNET.Core", "ProwlynxNET.Core\ProwlynxNET.Core.csproj", "{A5EBE735-DBAE-4946-942C-32598EB04726}"
EndProject
Project("{FAE04EC0-301F-11D3-BF4B-00C04F79EFBC}") = "TestAppCore", "TestAppCore\TestAppCore.csproj", "{D1EC42FD-4A61-403C-8815-485AA325E478}"
EndProject
Project("{FAE04EC0-301F-11D3-BF4B-00C04F79EFBC}") = "TestAppFW", "TestAppFW\TestAppFW.csproj", "{75139C65-BD04-44CA-A8BC-A3DF3A23D9B1}"
EndProject
Project("{2150E333-8FDC-42A3-9474-1A3956D46DE8}") = "Protections", "Protections", "{B4D4B5BD-3AC5-4812-97C9-D04556BAF7C6}"
EndProject
Project("{2150E333-8FDC-42A3-9474-1A3956D46DE8}") = "TestApps", "TestApps", "{F0124336-AA7F-4C61-9AA3-EF1C20E8A672}"
EndProject
Project("{2150E333-8FDC-42A3-9474-1A3956D46DE8}") = "ExampleProtection", "ExampleProtection", "{6D7FD650-7169-404A-BDBA-B69796722BDF}"
EndProject
Project("{FAE04EC0-301F-11D3-BF4B-00C04F79EFBC}") = "ExampleProtection", "ExampleProtection\ExampleProtection.csproj", "{1661EB1F-72B0-4361-B139-3D8F1EC0736B}"
EndProject
Project("{FAE04EC0-301F-11D3-BF4B-00C04F79EFBC}") = "ExampleProtection.Core", "ExampleProtection.Core\ExampleProtection.Core.csproj", "{091308DC-2F8B-4360-B756-78C319239539}"
EndProject
Project("{FAE04EC0-301F-11D3-BF4B-00C04F79EFBC}") = "ExampleProtection.FW", "ExampleProtection.FW\ExampleProtection.FW.csproj", "{B947768B-D98A-4CD5-86AC-55BD6FAE9347}"
EndProject
Global
	GlobalSection(SolutionConfigurationPlatforms) = preSolution
		Debug|Any CPU = Debug|Any CPU
		Debug|x64 = Debug|x64
		Release|Any CPU = Release|Any CPU
		Release|x64 = Release|x64
	EndGlobalSection
	GlobalSection(ProjectConfigurationPlatforms) = postSolution
		{6CA742E0-E67C-482E-ACDB-738DA0F083CA}.Debug|Any CPU.ActiveCfg = Debug|Any CPU
		{6CA742E0-E67C-482E-ACDB-738DA0F083CA}.Debug|Any CPU.Build.0 = Debug|Any CPU
		{6CA742E0-E67C-482E-ACDB-738DA0F083CA}.Debug|x64.ActiveCfg = Debug|x64
		{6CA742E0-E67C-482E-ACDB-738DA0F083CA}.Debug|x64.Build.0 = Debug|x64
		{6CA742E0-E67C-482E-ACDB-738DA0F083CA}.Release|Any CPU.ActiveCfg = Release|Any CPU
		{6CA742E0-E67C-482E-ACDB-738DA0F083CA}.Release|Any CPU.Build.0 = Release|Any CPU
		{6CA742E0-E67C-482E-ACDB-738DA0F083CA}.Release|x64.ActiveCfg = Release|x64
		{6CA742E0-E67C-482E-ACDB-738DA0F083CA}.Release|x64.Build.0 = Release|x64
		{A5EBE735-DBAE-4946-942C-32598EB04726}.Debug|Any CPU.ActiveCfg = Debug|Any CPU
		{A5EBE735-DBAE-4946-942C-32598EB04726}.Debug|Any CPU.Build.0 = Debug|Any CPU
		{A5EBE735-DBAE-4946-942C-32598EB04726}.Debug|x64.ActiveCfg = Debug|x64
		{A5EBE735-DBAE-4946-942C-32598EB04726}.Debug|x64.Build.0 = Debug|x64
		{A5EBE735-DBAE-4946-942C-32598EB04726}.Release|Any CPU.ActiveCfg = Release|Any CPU
		{A5EBE735-DBAE-4946-942C-32598EB04726}.Release|Any CPU.Build.0 = Release|Any CPU
		{A5EBE735-DBAE-4946-942C-32598EB04726}.Release|x64.ActiveCfg = Release|x64
		{A5EBE735-DBAE-4946-942C-32598EB04726}.Release|x64.Build.0 = Release|x64
		{D1EC42FD-4A61-403C-8815-485AA325E478}.Debug|Any CPU.ActiveCfg = Debug|Any CPU
		{D1EC42FD-4A61-403C-8815-485AA325E478}.Debug|Any CPU.Build.0 = Debug|Any CPU
		{D1EC42FD-4A61-403C-8815-485AA325E478}.Debug|x64.ActiveCfg = Debug|x64
		{D1EC42FD-4A61-403C-8815-485AA325E478}.Debug|x64.Build.0 = Debug|x64
		{D1EC42FD-4A61-403C-8815-485AA325E478}.Release|Any CPU.ActiveCfg = Release|Any CPU
		{D1EC42FD-4A61-403C-8815-485AA325E478}.Release|Any CPU.Build.0 = Release|Any CPU
		{D1EC42FD-4A61-403C-8815-485AA325E478}.Release|x64.ActiveCfg = Release|x64
		{D1EC42FD-4A61-403C-8815-485AA325E478}.Release|x64.Build.0 = Release|x64
		{75139C65-BD04-44CA-A8BC-A3DF3A23D9B1}.Debug|Any CPU.ActiveCfg = Debug|Any CPU
		{75139C65-BD04-44CA-A8BC-A3DF3A23D9B1}.Debug|Any CPU.Build.0 = Debug|Any CPU
		{75139C65-BD04-44CA-A8BC-A3DF3A23D9B1}.Debug|x64.ActiveCfg = Debug|x64
		{75139C65-BD04-44CA-A8BC-A3DF3A23D9B1}.Debug|x64.Build.0 = Debug|x64
		{75139C65-BD04-44CA-A8BC-A3DF3A23D9B1}.Release|Any CPU.ActiveCfg = Release|Any CPU
		{75139C65-BD04-44CA-A8BC-A3DF3A23D9B1}.Release|Any CPU.Build.0 = Release|Any CPU
		{75139C65-BD04-44CA-A8BC-A3DF3A23D9B1}.Release|x64.ActiveCfg = Release|x64
		{75139C65-BD04-44CA-A8BC-A3DF3A23D9B1}.Release|x64.Build.0 = Release|x64
		{1661EB1F-72B0-4361-B139-3D8F1EC0736B}.Debug|Any CPU.ActiveCfg = Debug|Any CPU
		{1661EB1F-72B0-4361-B139-3D8F1EC0736B}.Debug|Any CPU.Build.0 = Debug|Any CPU
		{1661EB1F-72B0-4361-B139-3D8F1EC0736B}.Debug|x64.ActiveCfg = Debug|Any CPU
		{1661EB1F-72B0-4361-B139-3D8F1EC0736B}.Debug|x64.Build.0 = Debug|Any CPU
		{1661EB1F-72B0-4361-B139-3D8F1EC0736B}.Release|Any CPU.ActiveCfg = Release|Any CPU
		{1661EB1F-72B0-4361-B139-3D8F1EC0736B}.Release|Any CPU.Build.0 = Release|Any CPU
		{1661EB1F-72B0-4361-B139-3D8F1EC0736B}.Release|x64.ActiveCfg = Release|Any CPU
		{1661EB1F-72B0-4361-B139-3D8F1EC0736B}.Release|x64.Build.0 = Release|Any CPU
		{091308DC-2F8B-4360-B756-78C319239539}.Debug|Any CPU.ActiveCfg = Debug|Any CPU
		{091308DC-2F8B-4360-B756-78C319239539}.Debug|Any CPU.Build.0 = Debug|Any CPU
		{091308DC-2F8B-4360-B756-78C319239539}.Debug|x64.ActiveCfg = Debug|Any CPU
		{091308DC-2F8B-4360-B756-78C319239539}.Debug|x64.Build.0 = Debug|Any CPU
		{091308DC-2F8B-4360-B756-78C319239539}.Release|Any CPU.ActiveCfg = Release|Any CPU
		{091308DC-2F8B-4360-B756-78C319239539}.Release|Any CPU.Build.0 = Release|Any CPU
		{091308DC-2F8B-4360-B756-78C319239539}.Release|x64.ActiveCfg = Release|Any CPU
		{091308DC-2F8B-4360-B756-78C319239539}.Release|x64.Build.0 = Release|Any CPU
		{B947768B-D98A-4CD5-86AC-55BD6FAE9347}.Debug|Any CPU.ActiveCfg = Debug|Any CPU
		{B947768B-D98A-4CD5-86AC-55BD6FAE9347}.Debug|Any CPU.Build.0 = Debug|Any CPU
		{B947768B-D98A-4CD5-86AC-55BD6FAE9347}.Debug|x64.ActiveCfg = Debug|Any CPU
		{B947768B-D98A-4CD5-86AC-55BD6FAE9347}.Debug|x64.Build.0 = Debug|Any CPU
		{B947768B-D98A-4CD5-86AC-55BD6FAE9347}.Release|Any CPU.ActiveCfg = Release|Any CPU
		{B947768B-D98A-4CD5-86AC-55BD6FAE9347}.Release|Any CPU.Build.0 = Release|Any CPU
		{B947768B-D98A-4CD5-86AC-55BD6FAE9347}.Release|x64.ActiveCfg = Release|Any CPU
		{B947768B-D98A-4CD5-86AC-55BD6FAE9347}.Release|x64.Build.0 = Release|Any CPU
	EndGlobalSection
	GlobalSection(SolutionProperties) = preSolution
		HideSolutionNode = FALSE
	EndGlobalSection
	GlobalSection(NestedProjects) = preSolution
		{D1EC42FD-4A61-403C-8815-485AA325E478} = {F0124336-AA7F-4C61-9AA3-EF1C20E8A672}
		{75139C65-BD04-44CA-A8BC-A3DF3A23D9B1} = {F0124336-AA7F-4C61-9AA3-EF1C20E8A672}
		{6D7FD650-7169-404A-BDBA-B69796722BDF} = {B4D4B5BD-3AC5-4812-97C9-D04556BAF7C6}
		{1661EB1F-72B0-4361-B139-3D8F1EC0736B} = {6D7FD650-7169-404A-BDBA-B69796722BDF}
		{091308DC-2F8B-4360-B756-78C319239539} = {6D7FD650-7169-404A-BDBA-B69796722BDF}
		{B947768B-D98A-4CD5-86AC-55BD6FAE9347} = {6D7FD650-7169-404A-BDBA-B69796722BDF}
	EndGlobalSection
	GlobalSection(ExtensibilityGlobals) = postSolution
		SolutionGuid = {2A3BA930-9559-4DE7-98E1-37FDF97DC81E}
	EndGlobalSection
EndGlobal
